
Microsoft Visual Studio Solution File, Format Version 12.00
Project("{FAE04EC0-301F-11D3-BF4B-00C04F79EFBC}") = "AGStateMachine", "AGStateMachine\AGStateMachine.csproj", "{A3987250-F9E2-4690-88F5-CAAFBDE2AB9D}"
EndProject
Global
	GlobalSection(SolutionConfigurationPlatforms) = preSolution
		Debug|Any CPU = Debug|Any CPU
		Release|Any CPU = Release|Any CPU
	EndGlobalSection
	GlobalSection(ProjectConfigurationPlatforms) = postSolution
		{A3987250-F9E2-4690-88F5-CAAFBDE2AB9D}.Debug|Any CPU.ActiveCfg = Debug|Any CPU
		{A3987250-F9E2-4690-88F5-CAAFBDE2AB9D}.Debug|Any CPU.Build.0 = Debug|Any CPU
		{A3987250-F9E2-4690-88F5-CAAFBDE2AB9D}.Release|Any CPU.ActiveCfg = Release|Any CPU
		{A3987250-F9E2-4690-88F5-CAAFBDE2AB9D}.Release|Any CPU.Build.0 = Release|Any CPU
	EndGlobalSection
EndGlobal
