
Microsoft Visual Studio Solution File, Format Version 12.00
Project("{FAE04EC0-301F-11D3-BF4B-00C04F79EFBC}") = "AGStateMachine", "AGStateMachine\AGStateMachine.csproj", "{A3987250-F9E2-4690-88F5-CAAFBDE2AB9D}"
EndProject
Project("{FAE04EC0-301F-11D3-BF4B-00C04F79EFBC}") = "AGStateMachine.Tests", "AGStateMachine.Tests\AGStateMachine.Tests.csproj", "{A9ED93E7-3C2F-4445-9C2E-75E34729592C}"
EndProject
Project("{FAE04EC0-301F-11D3-BF4B-00C04F79EFBC}") = "Demo", "Demo\Demo.csproj", "{8F900D52-9E39-4682-851B-A7B3171A8DE5}"
EndProject
Global
	GlobalSection(SolutionConfigurationPlatforms) = preSolution
		Debug|Any CPU = Debug|Any CPU
		Release|Any CPU = Release|Any CPU
	EndGlobalSection
	GlobalSection(ProjectConfigurationPlatforms) = postSolution
		{A3987250-F9E2-4690-88F5-CAAFBDE2AB9D}.Debug|Any CPU.ActiveCfg = Debug|Any CPU
		{A3987250-F9E2-4690-88F5-CAAFBDE2AB9D}.Debug|Any CPU.Build.0 = Debug|Any CPU
		{A3987250-F9E2-4690-88F5-CAAFBDE2AB9D}.Release|Any CPU.ActiveCfg = Release|Any CPU
		{A3987250-F9E2-4690-88F5-CAAFBDE2AB9D}.Release|Any CPU.Build.0 = Release|Any CPU
		{A9ED93E7-3C2F-4445-9C2E-75E34729592C}.Debug|Any CPU.ActiveCfg = Debug|Any CPU
		{A9ED93E7-3C2F-4445-9C2E-75E34729592C}.Debug|Any CPU.Build.0 = Debug|Any CPU
		{A9ED93E7-3C2F-4445-9C2E-75E34729592C}.Release|Any CPU.ActiveCfg = Release|Any CPU
		{A9ED93E7-3C2F-4445-9C2E-75E34729592C}.Release|Any CPU.Build.0 = Release|Any CPU
		{8F900D52-9E39-4682-851B-A7B3171A8DE5}.Debug|Any CPU.ActiveCfg = Debug|Any CPU
		{8F900D52-9E39-4682-851B-A7B3171A8DE5}.Debug|Any CPU.Build.0 = Debug|Any CPU
		{8F900D52-9E39-4682-851B-A7B3171A8DE5}.Release|Any CPU.ActiveCfg = Release|Any CPU
		{8F900D52-9E39-4682-851B-A7B3171A8DE5}.Release|Any CPU.Build.0 = Release|Any CPU
	EndGlobalSection
EndGlobal
